
Microsoft Visual Studio Solution File, Format Version 10.00
# Visual C# Express 2008
Project("{FAE04EC0-301F-11D3-BF4B-00C04F79EFBC}") = "LiveBackup", "LiveBackup\LiveBackup.csproj", "{5FEE1D99-91C9-4485-9E4C-F472B10354FA}"
EndProject
Project("{FAE04EC0-301F-11D3-BF4B-00C04F79EFBC}") = "Phat Backup", "Backup Util\Phat Backup.csproj", "{22184EA4-C855-4677-B2E7-214639158981}"
EndProject
Global
	GlobalSection(SolutionConfigurationPlatforms) = preSolution
		Debug|Any CPU = Debug|Any CPU
		Release|Any CPU = Release|Any CPU
	EndGlobalSection
	GlobalSection(ProjectConfigurationPlatforms) = postSolution
		{5FEE1D99-91C9-4485-9E4C-F472B10354FA}.Debug|Any CPU.ActiveCfg = Debug|Any CPU
		{5FEE1D99-91C9-4485-9E4C-F472B10354FA}.Debug|Any CPU.Build.0 = Debug|Any CPU
		{5FEE1D99-91C9-4485-9E4C-F472B10354FA}.Release|Any CPU.ActiveCfg = Release|Any CPU
		{5FEE1D99-91C9-4485-9E4C-F472B10354FA}.Release|Any CPU.Build.0 = Release|Any CPU
		{22184EA4-C855-4677-B2E7-214639158981}.Debug|Any CPU.ActiveCfg = Debug|Any CPU
		{22184EA4-C855-4677-B2E7-214639158981}.Debug|Any CPU.Build.0 = Debug|Any CPU
		{22184EA4-C855-4677-B2E7-214639158981}.Release|Any CPU.ActiveCfg = Release|Any CPU
		{22184EA4-C855-4677-B2E7-214639158981}.Release|Any CPU.Build.0 = Release|Any CPU
	EndGlobalSection
	GlobalSection(SolutionProperties) = preSolution
		HideSolutionNode = FALSE
	EndGlobalSection
EndGlobal
